
Microsoft Visual Studio Solution File, Format Version 12.00
# Visual Studio Version 17
VisualStudioVersion = 17.13.35825.156 d17.13
MinimumVisualStudioVersion = 10.0.40219.1
Project("{FAE04EC0-301F-11D3-BF4B-00C04F79EFBC}") = "DataLoading.Sample", "DataLoading.Sample\DataLoading.Sample.csproj", "{61B5F392-B82C-4BDA-810C-CE2A95DB4D9A}"
EndProject
Global
	GlobalSection(SolutionConfigurationPlatforms) = preSolution
		Debug|Any CPU = Debug|Any CPU
		Release|Any CPU = Release|Any CPU
	EndGlobalSection
	GlobalSection(ProjectConfigurationPlatforms) = postSolution
		{61B5F392-B82C-4BDA-810C-CE2A95DB4D9A}.Debug|Any CPU.ActiveCfg = Debug|Any CPU
		{61B5F392-B82C-4BDA-810C-CE2A95DB4D9A}.Debug|Any CPU.Build.0 = Debug|Any CPU
		{61B5F392-B82C-4BDA-810C-CE2A95DB4D9A}.Release|Any CPU.ActiveCfg = Release|Any CPU
		{61B5F392-B82C-4BDA-810C-CE2A95DB4D9A}.Release|Any CPU.Build.0 = Release|Any CPU
	EndGlobalSection
	GlobalSection(SolutionProperties) = preSolution
		HideSolutionNode = FALSE
	EndGlobalSection
	GlobalSection(ExtensibilityGlobals) = postSolution
		SolutionGuid = {F838283D-4F60-4200-9687-334576DEAD3C}
	EndGlobalSection
EndGlobal
